{
  "requires": true,
  "lockfileVersion": 1,
  "dependencies": {
    "@auth0/angular-jwt": {
      "version": "1.2.0",
      "resolved": "https://registry.npmjs.org/@auth0/angular-jwt/-/angular-jwt-1.2.0.tgz",
      "integrity": "sha512-T2t8ed4/g/w5aniVmOJ7AieTrQ9iU7urAbzRBx5OToY4UeEzzng+yP4yk114Xwoi3iV9AS4zhqMqgKcQ3vNvxA==",
      "requires": {
        "url": "^0.11.0"
      }
    },
    "deep-freeze-strict": {
      "version": "1.1.1",
      "resolved": "https://registry.npmjs.org/deep-freeze-strict/-/deep-freeze-strict-1.1.1.tgz",
      "integrity": "sha1-d9BYPKJKab5LvZrC+uQV1VUj5bA="
    },
    "ngrx-store-freeze": {
      "version": "0.2.4",
      "resolved": "https://registry.npmjs.org/ngrx-store-freeze/-/ngrx-store-freeze-0.2.4.tgz",
      "integrity": "sha512-90awpbbMa/x2H81eWWYniyli3LJ1PZU/FaztL10d9Rp/4kw2+97pqyLjdxSPxcOv9St//m9kfuWZ7gyoVDjgcg==",
      "requires": {
        "deep-freeze-strict": "^1.1.1"
      }
    },
    "punycode": {
      "version": "1.3.2",
      "resolved": "https://registry.npmjs.org/punycode/-/punycode-1.3.2.tgz",
      "integrity": "sha1-llOgNvt8HuQjQvIyXM7v6jkmxI0="
    },
    "querystring": {
      "version": "0.2.0",
      "resolved": "https://registry.npmjs.org/querystring/-/querystring-0.2.0.tgz",
      "integrity": "sha1-sgmEkgO7Jd+CDadW50cAWHhSFiA="
    },
    "url": {
      "version": "0.11.0",
      "resolved": "https://registry.npmjs.org/url/-/url-0.11.0.tgz",
      "integrity": "sha1-ODjpfPxgUh63PFJajlW/3Z4uKPE=",
      "requires": {
        "punycode": "1.3.2",
        "querystring": "0.2.0"
      }
    }
  }
}
